
Microsoft Visual Studio Solution File, Format Version 12.00
# Visual Studio Version 16
VisualStudioVersion = 16.0.31005.135
MinimumVisualStudioVersion = 10.0.40219.1
Project("{8BC9CEB8-8B4A-11D0-8D11-00A0C91BC942}") = "Editor", "Editor\Editor.vcxproj", "{2B5F71A6-4FDE-44B8-94B0-97283D223E1B}"
	ProjectSection(ProjectDependencies) = postProject
		{3DFCC228-6442-4ECF-A665-CAF9E34053A9} = {3DFCC228-6442-4ECF-A665-CAF9E34053A9}
	EndProjectSection
EndProject
Project("{8BC9CEB8-8B4A-11D0-8D11-00A0C91BC942}") = "Tempest", "Tempest\Tempest.vcxproj", "{3DFCC228-6442-4ECF-A665-CAF9E34053A9}"
EndProject
Project("{2150E333-8FDC-42A3-9474-1A3956D46DE8}") = "Shaders", "Shaders", "{DD6AC203-EE8C-4247-9B2E-C1C04C514F57}"
	ProjectSection(SolutionItems) = preProject
		Resource\Shaders\Basic_fragment.glsl = Resource\Shaders\Basic_fragment.glsl
		Resource\Shaders\Basic_vertex.glsl = Resource\Shaders\Basic_vertex.glsl
		Resource\Shaders\DirectionalLight_fragment.glsl = Resource\Shaders\DirectionalLight_fragment.glsl
		Resource\Shaders\DirectionalLight_vertex.glsl = Resource\Shaders\DirectionalLight_vertex.glsl
		Resource\Shaders\FrameBuffer_fragment.glsl = Resource\Shaders\FrameBuffer_fragment.glsl
		Resource\Shaders\FrameBuffer_vertex.glsl = Resource\Shaders\FrameBuffer_vertex.glsl
		Resource\Shaders\GroundPlane_fragment.glsl = Resource\Shaders\GroundPlane_fragment.glsl
		Resource\Shaders\GroundPlane_vertex.glsl = Resource\Shaders\GroundPlane_vertex.glsl
		Resource\Shaders\Line_fragment.glsl = Resource\Shaders\Line_fragment.glsl
		Resource\Shaders\Line_vertex.glsl = Resource\Shaders\Line_vertex.glsl
		Resource\Shaders\ShadowDepth_fragment.glsl = Resource\Shaders\ShadowDepth_fragment.glsl
		Resource\Shaders\ShadowDepth_vertex.glsl = Resource\Shaders\ShadowDepth_vertex.glsl
		Resource\Shaders\Texture_fragment.glsl = Resource\Shaders\Texture_fragment.glsl
		Resource\Shaders\Texture_vertex.glsl = Resource\Shaders\Texture_vertex.glsl
	EndProjectSection
EndProject
Global
	GlobalSection(SolutionConfigurationPlatforms) = preSolution
		Debug|x64 = Debug|x64
		Release|x64 = Release|x64
	EndGlobalSection
	GlobalSection(ProjectConfigurationPlatforms) = postSolution
		{2B5F71A6-4FDE-44B8-94B0-97283D223E1B}.Debug|x64.ActiveCfg = Debug|x64
		{2B5F71A6-4FDE-44B8-94B0-97283D223E1B}.Debug|x64.Build.0 = Debug|x64
		{2B5F71A6-4FDE-44B8-94B0-97283D223E1B}.Release|x64.ActiveCfg = Release|x64
		{2B5F71A6-4FDE-44B8-94B0-97283D223E1B}.Release|x64.Build.0 = Release|x64
		{3DFCC228-6442-4ECF-A665-CAF9E34053A9}.Debug|x64.ActiveCfg = Debug|x64
		{3DFCC228-6442-4ECF-A665-CAF9E34053A9}.Debug|x64.Build.0 = Debug|x64
		{3DFCC228-6442-4ECF-A665-CAF9E34053A9}.Release|x64.ActiveCfg = Release|x64
		{3DFCC228-6442-4ECF-A665-CAF9E34053A9}.Release|x64.Build.0 = Release|x64
	EndGlobalSection
	GlobalSection(SolutionProperties) = preSolution
		HideSolutionNode = FALSE
	EndGlobalSection
	GlobalSection(ExtensibilityGlobals) = postSolution
		SolutionGuid = {6F64F34D-0C60-4975-9682-EE644E0C0E46}
	EndGlobalSection
EndGlobal
